
Microsoft Visual Studio Solution File, Format Version 12.00
# Visual Studio Version 17
VisualStudioVersion = 17.7.34202.233
MinimumVisualStudioVersion = 10.0.40219.1
Project("{FAE04EC0-301F-11D3-BF4B-00C04F79EFBC}") = "A4SathlerDelfinoAKumarA", "A4SathlerDelfinoAKumarA\A4SathlerDelfinoAKumarA.csproj", "{417E94E9-B858-4DE4-8572-D47EF2124D5E}"
EndProject
Global
	GlobalSection(SolutionConfigurationPlatforms) = preSolution
		Debug|Any CPU = Debug|Any CPU
		Release|Any CPU = Release|Any CPU
	EndGlobalSection
	GlobalSection(ProjectConfigurationPlatforms) = postSolution
		{417E94E9-B858-4DE4-8572-D47EF2124D5E}.Debug|Any CPU.ActiveCfg = Debug|Any CPU
		{417E94E9-B858-4DE4-8572-D47EF2124D5E}.Debug|Any CPU.Build.0 = Debug|Any CPU
		{417E94E9-B858-4DE4-8572-D47EF2124D5E}.Release|Any CPU.ActiveCfg = Release|Any CPU
		{417E94E9-B858-4DE4-8572-D47EF2124D5E}.Release|Any CPU.Build.0 = Release|Any CPU
	EndGlobalSection
	GlobalSection(SolutionProperties) = preSolution
		HideSolutionNode = FALSE
	EndGlobalSection
	GlobalSection(ExtensibilityGlobals) = postSolution
		SolutionGuid = {24318093-0531-468E-9D63-6324CD824E10}
	EndGlobalSection
EndGlobal
